
Microsoft Visual Studio Solution File, Format Version 12.00
# Visual Studio Version 17
VisualStudioVersion = 17.3.32811.315
MinimumVisualStudioVersion = 10.0.40219.1
Project("{FAE04EC0-301F-11D3-BF4B-00C04F79EFBC}") = "Kapptiel 4 uppgift 2.27", "Kapptiel 4 uppgift 2.27\Kapptiel 4 uppgift 2.27.csproj", "{BF69558D-6E33-402B-808C-42A6058AC698}"
EndProject
Global
	GlobalSection(SolutionConfigurationPlatforms) = preSolution
		Debug|Any CPU = Debug|Any CPU
		Release|Any CPU = Release|Any CPU
	EndGlobalSection
	GlobalSection(ProjectConfigurationPlatforms) = postSolution
		{BF69558D-6E33-402B-808C-42A6058AC698}.Debug|Any CPU.ActiveCfg = Debug|Any CPU
		{BF69558D-6E33-402B-808C-42A6058AC698}.Debug|Any CPU.Build.0 = Debug|Any CPU
		{BF69558D-6E33-402B-808C-42A6058AC698}.Release|Any CPU.ActiveCfg = Release|Any CPU
		{BF69558D-6E33-402B-808C-42A6058AC698}.Release|Any CPU.Build.0 = Release|Any CPU
	EndGlobalSection
	GlobalSection(SolutionProperties) = preSolution
		HideSolutionNode = FALSE
	EndGlobalSection
	GlobalSection(ExtensibilityGlobals) = postSolution
		SolutionGuid = {2FD24903-1D50-493D-A9EC-B78694494ECF}
	EndGlobalSection
EndGlobal
